Microsoft Visual Studio Solution File, Format Version 12.00
# Visual Studio Version 16
VisualStudioVersion = 16.0.28606.126
MinimumVisualStudioVersion = 10.0.40219.1
Project("{2150E333-8FDC-42A3-9474-1A3956D46DE8}") = "Solution Items", "Solution Items", "{7CE30108-5D81-4850-BE6B-C8BCA35D3592}"
	ProjectSection(SolutionItems) = preProject
		.editorconfig = .editorconfig
		appveyor.yml = appveyor.yml
		build.cake = build.cake
		build.cmd = build.cmd
		build.ps1 = build.ps1
		src\Directory.Build.props = src\Directory.Build.props
		DisableAppDomain.runsettings = DisableAppDomain.runsettings
		LICENSE.txt = LICENSE.txt
		src\native-assembly\NativeTests.dll = src\native-assembly\NativeTests.dll
		NuGet.Config = NuGet.Config
		Osiris.Extended.ruleset = Osiris.Extended.ruleset
		README.md = README.md
		Simple.runsettings = Simple.runsettings
	EndProjectSection
EndProject
Project("{2150E333-8FDC-42A3-9474-1A3956D46DE8}") = "nuget", "nuget", "{DE347D88-F6ED-4031-AFC2-318F63E39BC9}"
	ProjectSection(SolutionItems) = preProject
		nuget\NUnit3TestAdapter.nuspec = nuget\NUnit3TestAdapter.nuspec
	EndProjectSection
EndProject
Project("{9A19103F-16F7-4668-BE54-9A1E7A4F7556}") = "empty-assembly", "src\empty-assembly\empty-assembly.csproj", "{F6464B90-A2A2-41E6-BAD7-4DDD40D2C6AA}"
EndProject
Project("{9A19103F-16F7-4668-BE54-9A1E7A4F7556}") = "mock-assembly", "src\mock-assembly\mock-assembly.csproj", "{A203B27B-C5D5-4315-8754-AB1E3A9C329F}"
EndProject
Project("{9A19103F-16F7-4668-BE54-9A1E7A4F7556}") = "NUnit.TestAdapter", "src\NUnitTestAdapter\NUnit.TestAdapter.csproj", "{1E9364E9-9D4F-4FA9-8A0C-09A66252449F}"
EndProject
Project("{9A19103F-16F7-4668-BE54-9A1E7A4F7556}") = "NUnit.TestAdapter.Tests", "src\NUnitTestAdapterTests\NUnit.TestAdapter.Tests.csproj", "{D4061204-B7A4-4E1F-A8FD-2035758B3AD8}"
	ProjectSection(ProjectDependencies) = postProject
		{D6990436-E3BA-4AC1-8A7D-9FFF9C3B19AD} = {D6990436-E3BA-4AC1-8A7D-9FFF9C3B19AD}
	EndProjectSection
EndProject
Project("{FAE04EC0-301F-11D3-BF4B-00C04F79EFBC}") = "NUnit3TestAdapterInstall", "src\NUnit3TestAdapterInstall\NUnit3TestAdapterInstall.csproj", "{D6990436-E3BA-4AC1-8A7D-9FFF9C3B19AD}"
EndProject
Project("{9A19103F-16F7-4668-BE54-9A1E7A4F7556}") = "NUnit3AdapterExternalTests", "src\NUnit3AdapterExternalTests\NUnit3AdapterExternalTests.csproj", "{A4EA819A-D77D-46D3-B2B7-2C754DBD2BC7}"
EndProject
Project("{2150E333-8FDC-42A3-9474-1A3956D46DE8}") = "net35", "net35", "{D41249E3-C080-4B66-8CBD-99CE4D309A10}"
	ProjectSection(SolutionItems) = preProject
		nuget\net35\NUnit3TestAdapter.props = nuget\net35\NUnit3TestAdapter.props
	EndProjectSection
EndProject
Project("{2150E333-8FDC-42A3-9474-1A3956D46DE8}") = "netcoreapp2.1", "netcoreapp2.1", "{A9584E41-6ECE-44B4-A504-41795A65DA5F}"
	ProjectSection(SolutionItems) = preProject
		nuget\netcoreapp2.1\NUnit3TestAdapter.props = nuget\netcoreapp2.1\NUnit3TestAdapter.props
	EndProjectSection
EndProject
Project("{9A19103F-16F7-4668-BE54-9A1E7A4F7556}") = "NUnit.TestAdapter.Tests.Acceptance", "src\NUnit.TestAdapter.Tests.Acceptance\NUnit.TestAdapter.Tests.Acceptance.csproj", "{3FAC7EE0-664F-4B11-918B-8E0FF865EE4C}"
EndProject
Global
	GlobalSection(SolutionConfigurationPlatforms) = preSolution
		Debug|Any CPU = Debug|Any CPU
		Release|Any CPU = Release|Any CPU
	EndGlobalSection
	GlobalSection(ProjectConfigurationPlatforms) = postSolution
		{F6464B90-A2A2-41E6-BAD7-4DDD40D2C6AA}.Debug|Any CPU.ActiveCfg = Debug|Any CPU
		{F6464B90-A2A2-41E6-BAD7-4DDD40D2C6AA}.Debug|Any CPU.Build.0 = Debug|Any CPU
		{F6464B90-A2A2-41E6-BAD7-4DDD40D2C6AA}.Release|Any CPU.ActiveCfg = Release|Any CPU
		{F6464B90-A2A2-41E6-BAD7-4DDD40D2C6AA}.Release|Any CPU.Build.0 = Release|Any CPU
		{A203B27B-C5D5-4315-8754-AB1E3A9C329F}.Debug|Any CPU.ActiveCfg = Debug|Any CPU
		{A203B27B-C5D5-4315-8754-AB1E3A9C329F}.Debug|Any CPU.Build.0 = Debug|Any CPU
		{A203B27B-C5D5-4315-8754-AB1E3A9C329F}.Release|Any CPU.ActiveCfg = Release|Any CPU
		{A203B27B-C5D5-4315-8754-AB1E3A9C329F}.Release|Any CPU.Build.0 = Release|Any CPU
		{1E9364E9-9D4F-4FA9-8A0C-09A66252449F}.Debug|Any CPU.ActiveCfg = Debug|Any CPU
		{1E9364E9-9D4F-4FA9-8A0C-09A66252449F}.Debug|Any CPU.Build.0 = Debug|Any CPU
		{1E9364E9-9D4F-4FA9-8A0C-09A66252449F}.Release|Any CPU.ActiveCfg = Release|Any CPU
		{1E9364E9-9D4F-4FA9-8A0C-09A66252449F}.Release|Any CPU.Build.0 = Release|Any CPU
		{D4061204-B7A4-4E1F-A8FD-2035758B3AD8}.Debug|Any CPU.ActiveCfg = Debug|Any CPU
		{D4061204-B7A4-4E1F-A8FD-2035758B3AD8}.Debug|Any CPU.Build.0 = Debug|Any CPU
		{D4061204-B7A4-4E1F-A8FD-2035758B3AD8}.Release|Any CPU.ActiveCfg = Release|Any CPU
		{D4061204-B7A4-4E1F-A8FD-2035758B3AD8}.Release|Any CPU.Build.0 = Release|Any CPU
		{D6990436-E3BA-4AC1-8A7D-9FFF9C3B19AD}.Debug|Any CPU.ActiveCfg = Debug|Any CPU
		{D6990436-E3BA-4AC1-8A7D-9FFF9C3B19AD}.Debug|Any CPU.Build.0 = Debug|Any CPU
		{D6990436-E3BA-4AC1-8A7D-9FFF9C3B19AD}.Release|Any CPU.ActiveCfg = Release|Any CPU
		{D6990436-E3BA-4AC1-8A7D-9FFF9C3B19AD}.Release|Any CPU.Build.0 = Release|Any CPU
		{A4EA819A-D77D-46D3-B2B7-2C754DBD2BC7}.Debug|Any CPU.ActiveCfg = Debug|Any CPU
		{A4EA819A-D77D-46D3-B2B7-2C754DBD2BC7}.Debug|Any CPU.Build.0 = Debug|Any CPU
		{A4EA819A-D77D-46D3-B2B7-2C754DBD2BC7}.Release|Any CPU.ActiveCfg = Release|Any CPU
		{A4EA819A-D77D-46D3-B2B7-2C754DBD2BC7}.Release|Any CPU.Build.0 = Release|Any CPU
		{3FAC7EE0-664F-4B11-918B-8E0FF865EE4C}.Debug|Any CPU.ActiveCfg = Debug|Any CPU
		{3FAC7EE0-664F-4B11-918B-8E0FF865EE4C}.Debug|Any CPU.Build.0 = Debug|Any CPU
		{3FAC7EE0-664F-4B11-918B-8E0FF865EE4C}.Release|Any CPU.ActiveCfg = Release|Any CPU
		{3FAC7EE0-664F-4B11-918B-8E0FF865EE4C}.Release|Any CPU.Build.0 = Release|Any CPU
	EndGlobalSection
	GlobalSection(SolutionProperties) = preSolution
		HideSolutionNode = FALSE
	EndGlobalSection
	GlobalSection(NestedProjects) = preSolution
		{D41249E3-C080-4B66-8CBD-99CE4D309A10} = {DE347D88-F6ED-4031-AFC2-318F63E39BC9}
		{A9584E41-6ECE-44B4-A504-41795A65DA5F} = {DE347D88-F6ED-4031-AFC2-318F63E39BC9}
	EndGlobalSection
	GlobalSection(ExtensibilityGlobals) = postSolution
		SolutionGuid = {8EF03474-188E-44A8-8C76-9FBCF9A382EC}
	EndGlobalSection
EndGlobal
